// !$*UTF8*$!
{
	archiveVersion = 1;
	classes = {
	};
	objectVersion = 55;
	objects = {

/* Begin PBXBuildFile section */
		CE4B87B5287448AF00FC975C /* InfoViewController.swift in Sources */ = {isa = PBXBuildFile; fileRef = CE4B87B4287448AF00FC975C /* InfoViewController.swift */; };
		CE4B87B72874492300FC975C /* PetViewController.swift in Sources */ = {isa = PBXBuildFile; fileRef = CE4B87B62874492300FC975C /* PetViewController.swift */; };
		CE4DA7CE2871BC2E001EAC04 /* AppDelegate.swift in Sources */ = {isa = PBXBuildFile; fileRef = CE4DA7CD2871BC2E001EAC04 /* AppDelegate.swift */; };
		CE4DA7D02871BC2E001EAC04 /* SceneDelegate.swift in Sources */ = {isa = PBXBuildFile; fileRef = CE4DA7CF2871BC2E001EAC04 /* SceneDelegate.swift */; };
		CE4DA7D22871BC2E001EAC04 /* LoginViewController.swift in Sources */ = {isa = PBXBuildFile; fileRef = CE4DA7D12871BC2E001EAC04 /* LoginViewController.swift */; };
		CE4DA7D52871BC2E001EAC04 /* Main.storyboard in Resources */ = {isa = PBXBuildFile; fileRef = CE4DA7D32871BC2E001EAC04 /* Main.storyboard */; };
		CE4DA7D72871BC30001EAC04 /* Assets.xcassets in Resources */ = {isa = PBXBuildFile; fileRef = CE4DA7D62871BC30001EAC04 /* Assets.xcassets */; };
		CE4DA7DA2871BC30001EAC04 /* LaunchScreen.storyboard in Resources */ = {isa = PBXBuildFile; fileRef = CE4DA7D82871BC30001EAC04 /* LaunchScreen.storyboard */; };
		CE4DA7E22871C552001EAC04 /* WelcomeViewController.swift in Sources */ = {isa = PBXBuildFile; fileRef = CE4DA7E12871C552001EAC04 /* WelcomeViewController.swift */; };
		CE6B886B28742EA80081EA4F /* Profile.swift in Sources */ = {isa = PBXBuildFile; fileRef = CE6B886A28742EA80081EA4F /* Profile.swift */; };
/* End PBXBuildFile section */

/* Begin PBXFileReference section */
		CE4B87B4287448AF00FC975C /* InfoViewController.swift */ = {isa = PBXFileReference; lastKnownFileType = sourcecode.swift; path = InfoViewController.swift; sourceTree = "<group>"; };
		CE4B87B62874492300FC975C /* PetViewController.swift */ = {isa = PBXFileReference; lastKnownFileType = sourcecode.swift; path = PetViewController.swift; sourceTree = "<group>"; };
		CE4DA7CA2871BC2E001EAC04 /* loginApp.app */ = {isa = PBXFileReference; explicitFileType = wrapper.application; includeInIndex = 0; path = loginApp.app; sourceTree = BUILT_PRODUCTS_DIR; };
		CE4DA7CD2871BC2E001EAC04 /* AppDelegate.swift */ = {isa = PBXFileReference; lastKnownFileType = sourcecode.swift; path = AppDelegate.swift; sourceTree = "<group>"; };
		CE4DA7CF2871BC2E001EAC04 /* SceneDelegate.swift */ = {isa = PBXFileReference; lastKnownFileType = sourcecode.swift; path = SceneDelegate.swift; sourceTree = "<group>"; };
		CE4DA7D12871BC2E001EAC04 /* LoginViewController.swift */ = {isa = PBXFileReference; lastKnownFileType = sourcecode.swift; path = LoginViewController.swift; sourceTree = "<group>"; };
		CE4DA7D42871BC2E001EAC04 /* Base */ = {isa = PBXFileReference; lastKnownFileType = file.storyboard; name = Base; path = Base.lproj/Main.storyboard; sourceTree = "<group>"; };
		CE4DA7D62871BC30001EAC04 /* Assets.xcassets */ = {isa = PBXFileReference; lastKnownFileType = folder.assetcatalog; path = Assets.xcassets; sourceTree = "<group>"; };
		CE4DA7D92871BC30001EAC04 /* Base */ = {isa = PBXFileReference; lastKnownFileType = file.storyboard; name = Base; path = Base.lproj/LaunchScreen.storyboard; sourceTree = "<group>"; };
		CE4DA7DB2871BC30001EAC04 /* Info.plist */ = {isa = PBXFileReference; lastKnownFileType = text.plist.xml; path = Info.plist; sourceTree = "<group>"; };
		CE4DA7E12871C552001EAC04 /* WelcomeViewController.swift */ = {isa = PBXFileReference; lastKnownFileType = sourcecode.swift; path = WelcomeViewController.swift; sourceTree = "<group>"; };
		CE6B886A28742EA80081EA4F /* Profile.swift */ = {isa = PBXFileReference; lastKnownFileType = sourcecode.swift; path = Profile.swift; sourceTree = "<group>"; };
/* End PBXFileReference section */

/* Begin PBXFrameworksBuildPhase section */
		CE4DA7C72871BC2E001EAC04 /* Frameworks */ = {
			isa = PBXFrameworksBuildPhase;
			buildActionMask = 2147483647;
			files = (
			);
			runOnlyForDeploymentPostprocessing = 0;
		};
/* End PBXFrameworksBuildPhase section */

/* Begin PBXGroup section */
		CE4DA7C12871BC2E001EAC04 = {
			isa = PBXGroup;
			children = (
				CE4DA7CC2871BC2E001EAC04 /* loginApp */,
				CE4DA7CB2871BC2E001EAC04 /* Products */,
			);
			sourceTree = "<group>";
		};
		CE4DA7CB2871BC2E001EAC04 /* Products */ = {
			isa = PBXGroup;
			children = (
				CE4DA7CA2871BC2E001EAC04 /* loginApp.app */,
			);
			name = Products;
			sourceTree = "<group>";
		};
		CE4DA7CC2871BC2E001EAC04 /* loginApp */ = {
			isa = PBXGroup;
			children = (
				CE6B886628742DB00081EA4F /* ViewControllers */,
				CE6B886928742E580081EA4F /* Models */,
				CE6B886728742DBE0081EA4F /* Storyboards */,
				CE6B886528742DA60081EA4F /* App */,
				CE6B886828742DCB0081EA4F /* Resources */,
			);
			path = loginApp;
			sourceTree = "<group>";
		};
		CE6B886528742DA60081EA4F /* App */ = {
			isa = PBXGroup;
			children = (
				CE4DA7CD2871BC2E001EAC04 /* AppDelegate.swift */,
				CE4DA7CF2871BC2E001EAC04 /* SceneDelegate.swift */,
				CE4DA7DB2871BC30001EAC04 /* Info.plist */,
			);
			path = App;
			sourceTree = "<group>";
		};
		CE6B886628742DB00081EA4F /* ViewControllers */ = {
			isa = PBXGroup;
			children = (
				CE4DA7D12871BC2E001EAC04 /* LoginViewController.swift */,
				CE4DA7E12871C552001EAC04 /* WelcomeViewController.swift */,
				CE4B87B4287448AF00FC975C /* InfoViewController.swift */,
				CE4B87B62874492300FC975C /* PetViewController.swift */,
			);
			path = ViewControllers;
			sourceTree = "<group>";
		};
		CE6B886728742DBE0081EA4F /* Storyboards */ = {
			isa = PBXGroup;
			children = (
				CE4DA7D32871BC2E001EAC04 /* Main.storyboard */,
				CE4DA7D82871BC30001EAC04 /* LaunchScreen.storyboard */,
			);
			path = Storyboards;
			sourceTree = "<group>";
		};
		CE6B886828742DCB0081EA4F /* Resources */ = {
			isa = PBXGroup;
			children = (
				CE4DA7D62871BC30001EAC04 /* Assets.xcassets */,
			);
			path = Resources;
			sourceTree = "<group>";
		};
		CE6B886928742E580081EA4F /* Models */ = {
			isa = PBXGroup;
			children = (
				CE6B886A28742EA80081EA4F /* Profile.swift */,
			);
			path = Models;
			sourceTree = "<group>";
		};
/* End PBXGroup section */

/* Begin PBXNativeTarget section */
		CE4DA7C92871BC2E001EAC04 /* loginApp */ = {
			isa = PBXNativeTarget;
			buildConfigurationList = CE4DA7DE2871BC30001EAC04 /* Build configuration list for PBXNativeTarget "loginApp" */;
			buildPhases = (
				CE4DA7C62871BC2E001EAC04 /* Sources */,
				CE4DA7C72871BC2E001EAC04 /* Frameworks */,
				CE4DA7C82871BC2E001EAC04 /* Resources */,
			);
			buildRules = (
			);
			dependencies = (
			);
			name = loginApp;
			productName = loginApp;
			productReference = CE4DA7CA2871BC2E001EAC04 /* loginApp.app */;
			productType = "com.apple.product-type.application";
		};
/* End PBXNativeTarget section */

/* Begin PBXProject section */
		CE4DA7C22871BC2E001EAC04 /* Project object */ = {
			isa = PBXProject;
			attributes = {
				BuildIndependentTargetsInParallel = 1;
				LastSwiftUpdateCheck = 1340;
				LastUpgradeCheck = 1340;
				TargetAttributes = {
					CE4DA7C92871BC2E001EAC04 = {
						CreatedOnToolsVersion = 13.4.1;
					};
				};
			};
			buildConfigurationList = CE4DA7C52871BC2E001EAC04 /* Build configuration list for PBXProject "loginApp" */;
			compatibilityVersion = "Xcode 13.0";
			developmentRegion = en;
			hasScannedForEncodings = 0;
			knownRegions = (
				en,
				Base,
			);
			mainGroup = CE4DA7C12871BC2E001EAC04;
			productRefGroup = CE4DA7CB2871BC2E001EAC04 /* Products */;
			projectDirPath = "";
			projectRoot = "";
			targets = (
				CE4DA7C92871BC2E001EAC04 /* loginApp */,
			);
		};
/* End PBXProject section */

/* Begin PBXResourcesBuildPhase section */
		CE4DA7C82871BC2E001EAC04 /* Resources */ = {
			isa = PBXResourcesBuildPhase;
			buildActionMask = 2147483647;
			files = (
				CE4DA7DA2871BC30001EAC04 /* LaunchScreen.storyboard in Resources */,
				CE4DA7D72871BC30001EAC04 /* Assets.xcassets in Resources */,
				CE4DA7D52871BC2E001EAC04 /* Main.storyboard in Resources */,
			);
			runOnlyForDeploymentPostprocessing = 0;
		};
/* End PBXResourcesBuildPhase section */

/* Begin PBXSourcesBuildPhase section */
		CE4DA7C62871BC2E001EAC04 /* Sources */ = {
			isa = PBXSourcesBuildPhase;
			buildActionMask = 2147483647;
			files = (
				CE4DA7D22871BC2E001EAC04 /* LoginViewController.swift in Sources */,
				CE6B886B28742EA80081EA4F /* Profile.swift in Sources */,
				CE4DA7E22871C552001EAC04 /* WelcomeViewController.swift in Sources */,
				CE4DA7CE2871BC2E001EAC04 /* AppDelegate.swift in Sources */,
				CE4B87B5287448AF00FC975C /* InfoViewController.swift in Sources */,
				CE4DA7D02871BC2E001EAC04 /* SceneDelegate.swift in Sources */,
				CE4B87B72874492300FC975C /* PetViewController.swift in Sources */,
			);
			runOnlyForDeploymentPostprocessing = 0;
		};
/* End PBXSourcesBuildPhase section */

/* Begin PBXVariantGroup section */
		CE4DA7D32871BC2E001EAC04 /* Main.storyboard */ = {
			isa = PBXVariantGroup;
			children = (
				CE4DA7D42871BC2E001EAC04 /* Base */,
			);
			name = Main.storyboard;
			sourceTree = "<group>";
		};
		CE4DA7D82871BC30001EAC04 /* LaunchScreen.storyboard */ = {
			isa = PBXVariantGroup;
			children = (
				CE4DA7D92871BC30001EAC04 /* Base */,
			);
			name = LaunchScreen.storyboard;
			sourceTree = "<group>";
		};
/* End PBXVariantGroup section */

/* Begin XCBuildConfiguration section */
		CE4DA7DC2871BC30001EAC04 /* Debug */ = {
			isa = XCBuildConfiguration;
			buildSettings = {
				ALWAYS_SEARCH_USER_PATHS = NO;
				CLANG_ANALYZER_NONNULL = YES;
				CLANG_ANALYZER_NUMBER_OBJECT_CONVERSION = YES_AGGRESSIVE;
				CLANG_CXX_LANGUAGE_STANDARD = "gnu++17";
				CLANG_ENABLE_MODULES = YES;
				CLANG_ENABLE_OBJC_ARC = YES;
				CLANG_ENABLE_OBJC_WEAK = YES;
				CLANG_WARN_BLOCK_CAPTURE_AUTORELEASING = YES;
				CLANG_WARN_BOOL_CONVERSION = YES;
				CLANG_WARN_COMMA = YES;
				CLANG_WARN_CONSTANT_CONVERSION = YES;
				CLANG_WARN_DEPRECATED_OBJC_IMPLEMENTATIONS = YES;
				CLANG_WARN_DIRECT_OBJC_ISA_USAGE = YES_ERROR;
				CLANG_WARN_DOCUMENTATION_COMMENTS = YES;
				CLANG_WARN_EMPTY_BODY = YES;
				CLANG_WARN_ENUM_CONVERSION = YES;
				CLANG_WARN_INFINITE_RECURSION = YES;
				CLANG_WARN_INT_CONVERSION = YES;
				CLANG_WARN_NON_LITERAL_NULL_CONVERSION = YES;
				CLANG_WARN_OBJC_IMPLICIT_RETAIN_SELF = YES;
				CLANG_WARN_OBJC_LITERAL_CONVERSION = YES;
				CLANG_WARN_OBJC_ROOT_CLASS = YES_ERROR;
				CLANG_WARN_QUOTED_INCLUDE_IN_FRAMEWORK_HEADER = YES;
				CLANG_WARN_RANGE_LOOP_ANALYSIS = YES;
				CLANG_WARN_STRICT_PROTOTYPES = YES;
				CLANG_WARN_SUSPICIOUS_MOVE = YES;
				CLANG_WARN_UNGUARDED_AVAILABILITY = YES_AGGRESSIVE;
				CLANG_WARN_UNREACHABLE_CODE = YES;
				CLANG_WARN__DUPLICATE_METHOD_MATCH = YES;
				COPY_PHASE_STRIP = NO;
				DEBUG_INFORMATION_FORMAT = dwarf;
				ENABLE_STRICT_OBJC_MSGSEND = YES;
				ENABLE_TESTABILITY = YES;
				GCC_C_LANGUAGE_STANDARD = gnu11;
				GCC_DYNAMIC_NO_PIC = NO;
				GCC_NO_COMMON_BLOCKS = YES;
				GCC_OPTIMIZATION_LEVEL = 0;
				GCC_PREPROCESSOR_DEFINITIONS = (
					"DEBUG=1",
					"$(inherited)",
				);
				GCC_WARN_64_TO_32_BIT_CONVERSION = YES;
				GCC_WARN_ABOUT_RETURN_TYPE = YES_ERROR;
				GCC_WARN_UNDECLARED_SELECTOR = YES;
				GCC_WARN_UNINITIALIZED_AUTOS = YES_AGGRESSIVE;
				GCC_WARN_UNUSED_FUNCTION = YES;
				GCC_WARN_UNUSED_VARIABLE = YES;
				IPHONEOS_DEPLOYMENT_TARGET = 15.5;
				MTL_ENABLE_DEBUG_INFO = INCLUDE_SOURCE;
				MTL_FAST_MATH = YES;
				ONLY_ACTIVE_ARCH = YES;
				SDKROOT = iphoneos;
				SWIFT_ACTIVE_COMPILATION_CONDITIONS = DEBUG;
				SWIFT_OPTIMIZATION_LEVEL = "-Onone";
			};
			name = Debug;
		};
		CE4DA7DD2871BC30001EAC04 /* Release */ = {
			isa = XCBuildConfiguration;
			buildSettings = {
				ALWAYS_SEARCH_USER_PATHS = NO;
				CLANG_ANALYZER_NONNULL = YES;
				CLANG_ANALYZER_NUMBER_OBJECT_CONVERSION = YES_AGGRESSIVE;
				CLANG_CXX_LANGUAGE_STANDARD = "gnu++17";
				CLANG_ENABLE_MODULES = YES;
				CLANG_ENABLE_OBJC_ARC = YES;
				CLANG_ENABLE_OBJC_WEAK = YES;
				CLANG_WARN_BLOCK_CAPTURE_AUTORELEASING = YES;
				CLANG_WARN_BOOL_CONVERSION = YES;
				CLANG_WARN_COMMA = YES;
				CLANG_WARN_CONSTANT_CONVERSION = YES;
				CLANG_WARN_DEPRECATED_OBJC_IMPLEMENTATIONS = YES;
				CLANG_WARN_DIRECT_OBJC_ISA_USAGE = YES_ERROR;
				CLANG_WARN_DOCUMENTATION_COMMENTS = YES;
				CLANG_WARN_EMPTY_BODY = YES;
				CLANG_WARN_ENUM_CONVERSION = YES;
				CLANG_WARN_INFINITE_RECURSION = YES;
				CLANG_WARN_INT_CONVERSION = YES;
				CLANG_WARN_NON_LITERAL_NULL_CONVERSION = YES;
				CLANG_WARN_OBJC_IMPLICIT_RETAIN_SELF = YES;
				CLANG_WARN_OBJC_LITERAL_CONVERSION = YES;
				CLANG_WARN_OBJC_ROOT_CLASS = YES_ERROR;
				CLANG_WARN_QUOTED_INCLUDE_IN_FRAMEWORK_HEADER = YES;
				CLANG_WARN_RANGE_LOOP_ANALYSIS = YES;
				CLANG_WARN_STRICT_PROTOTYPES = YES;
				CLANG_WARN_SUSPICIOUS_MOVE = YES;
				CLANG_WARN_UNGUARDED_AVAILABILITY = YES_AGGRESSIVE;
				CLANG_WARN_UNREACHABLE_CODE = YES;
				CLANG_WARN__DUPLICATE_METHOD_MATCH = YES;
				COPY_PHASE_STRIP = NO;
				DEBUG_INFORMATION_FORMAT = "dwarf-with-dsym";
				ENABLE_NS_ASSERTIONS = NO;
				ENABLE_STRICT_OBJC_MSGSEND = YES;
				GCC_C_LANGUAGE_STANDARD = gnu11;
				GCC_NO_COMMON_BLOCKS = YES;
				GCC_WARN_64_TO_32_BIT_CONVERSION = YES;
				GCC_WARN_ABOUT_RETURN_TYPE = YES_ERROR;
				GCC_WARN_UNDECLARED_SELECTOR = YES;
				GCC_WARN_UNINITIALIZED_AUTOS = YES_AGGRESSIVE;
				GCC_WARN_UNUSED_FUNCTION = YES;
				GCC_WARN_UNUSED_VARIABLE = YES;
				IPHONEOS_DEPLOYMENT_TARGET = 15.5;
				MTL_ENABLE_DEBUG_INFO = NO;
				MTL_FAST_MATH = YES;
				SDKROOT = iphoneos;
				SWIFT_COMPILATION_MODE = wholemodule;
				SWIFT_OPTIMIZATION_LEVEL = "-O";
				VALIDATE_PRODUCT = YES;
			};
			name = Release;
		};
		CE4DA7DF2871BC30001EAC04 /* Debug */ = {
			isa = XCBuildConfiguration;
			buildSettings = {
				ASSETCATALOG_COMPILER_APPICON_NAME = AppIcon;
				ASSETCATALOG_COMPILER_GLOBAL_ACCENT_COLOR_NAME = AccentColor;
				CODE_SIGN_STYLE = Automatic;
				CURRENT_PROJECT_VERSION = 1;
				DEVELOPMENT_TEAM = WVNY5GBN9S;
				GENERATE_INFOPLIST_FILE = YES;
				INFOPLIST_FILE = loginApp/App/Info.plist;
				INFOPLIST_KEY_UIApplicationSupportsIndirectInputEvents = YES;
				INFOPLIST_KEY_UILaunchStoryboardName = LaunchScreen;
				INFOPLIST_KEY_UIMainStoryboardFile = Main;
				INFOPLIST_KEY_UISupportedInterfaceOrientations_iPad = "UIInterfaceOrientationPortrait UIInterfaceOrientationPortraitUpsideDown UIInterfaceOrientationLandscapeLeft UIInterfaceOrientationLandscapeRight";
				INFOPLIST_KEY_UISupportedInterfaceOrientations_iPhone = "UIInterfaceOrientationPortrait UIInterfaceOrientationLandscapeLeft UIInterfaceOrientationLandscapeRight";
				LD_RUNPATH_SEARCH_PATHS = (
					"$(inherited)",
					"@executable_path/Frameworks",
				);
				MARKETING_VERSION = 1.0;
				PRODUCT_BUNDLE_IDENTIFIER = multiquz.loginApp;
				PRODUCT_NAME = "$(TARGET_NAME)";
				SWIFT_EMIT_LOC_STRINGS = YES;
				SWIFT_VERSION = 5.0;
				TARGETED_DEVICE_FAMILY = "1,2";
			};
			name = Debug;
		};
		CE4DA7E02871BC30001EAC04 /* Release */ = {
			isa = XCBuildConfiguration;
			buildSettings = {
				ASSETCATALOG_COMPILER_APPICON_NAME = AppIcon;
				ASSETCATALOG_COMPILER_GLOBAL_ACCENT_COLOR_NAME = AccentColor;
				CODE_SIGN_STYLE = Automatic;
				CURRENT_PROJECT_VERSION = 1;
				DEVELOPMENT_TEAM = WVNY5GBN9S;
				GENERATE_INFOPLIST_FILE = YES;
				INFOPLIST_FILE = loginApp/App/Info.plist;
				INFOPLIST_KEY_UIApplicationSupportsIndirectInputEvents = YES;
				INFOPLIST_KEY_UILaunchStoryboardName = LaunchScreen;
				INFOPLIST_KEY_UIMainStoryboardFile = Main;
				INFOPLIST_KEY_UISupportedInterfaceOrientations_iPad = "UIInterfaceOrientationPortrait UIInterfaceOrientationPortraitUpsideDown UIInterfaceOrientationLandscapeLeft UIInterfaceOrientationLandscapeRight";
				INFOPLIST_KEY_UISupportedInterfaceOrientations_iPhone = "UIInterfaceOrientationPortrait UIInterfaceOrientationLandscapeLeft UIInterfaceOrientationLandscapeRight";
				LD_RUNPATH_SEARCH_PATHS = (
					"$(inherited)",
					"@executable_path/Frameworks",
				);
				MARKETING_VERSION = 1.0;
				PRODUCT_BUNDLE_IDENTIFIER = multiquz.loginApp;
				PRODUCT_NAME = "$(TARGET_NAME)";
				SWIFT_EMIT_LOC_STRINGS = YES;
				SWIFT_VERSION = 5.0;
				TARGETED_DEVICE_FAMILY = "1,2";
			};
			name = Release;
		};
/* End XCBuildConfiguration section */

/* Begin XCConfigurationList section */
		CE4DA7C52871BC2E001EAC04 /* Build configuration list for PBXProject "loginApp" */ = {
			isa = XCConfigurationList;
			buildConfigurations = (
				CE4DA7DC2871BC30001EAC04 /* Debug */,
				CE4DA7DD2871BC30001EAC04 /* Release */,
			);
			defaultConfigurationIsVisible = 0;
			defaultConfigurationName = Release;
		};
		CE4DA7DE2871BC30001EAC04 /* Build configuration list for PBXNativeTarget "loginApp" */ = {
			isa = XCConfigurationList;
			buildConfigurations = (
				CE4DA7DF2871BC30001EAC04 /* Debug */,
				CE4DA7E02871BC30001EAC04 /* Release */,
			);
			defaultConfigurationIsVisible = 0;
			defaultConfigurationName = Release;
		};
/* End XCConfigurationList section */
	};
	rootObject = CE4DA7C22871BC2E001EAC04 /* Project object */;
}
